
Microsoft Visual Studio Solution File, Format Version 12.00
# Visual Studio Version 17
VisualStudioVersion = 17.0.32014.148
MinimumVisualStudioVersion = 10.0.40219.1
Project("{FAE04EC0-301F-11D3-BF4B-00C04F79EFBC}") = "WorkwithExcel 2", "WorkwithExcel 2\WorkwithExcel 2.csproj", "{A6665F07-5EFA-4136-AF5C-50CE5DA02F16}"
EndProject
Global
	GlobalSection(SolutionConfigurationPlatforms) = preSolution
		Debug|Any CPU = Debug|Any CPU
		Release|Any CPU = Release|Any CPU
	EndGlobalSection
	GlobalSection(ProjectConfigurationPlatforms) = postSolution
		{A6665F07-5EFA-4136-AF5C-50CE5DA02F16}.Debug|Any CPU.ActiveCfg = Debug|Any CPU
		{A6665F07-5EFA-4136-AF5C-50CE5DA02F16}.Debug|Any CPU.Build.0 = Debug|Any CPU
		{A6665F07-5EFA-4136-AF5C-50CE5DA02F16}.Release|Any CPU.ActiveCfg = Release|Any CPU
		{A6665F07-5EFA-4136-AF5C-50CE5DA02F16}.Release|Any CPU.Build.0 = Release|Any CPU
	EndGlobalSection
	GlobalSection(SolutionProperties) = preSolution
		HideSolutionNode = FALSE
	EndGlobalSection
	GlobalSection(ExtensibilityGlobals) = postSolution
		SolutionGuid = {D9616A42-ABEF-485A-AC10-DB53D5CDABC0}
	EndGlobalSection
EndGlobal
